Microsoft Visual Studio Solution File, Format Version 12.00
# Visual Studio Version 17
VisualStudioVersion = 17.0.32126.317
MinimumVisualStudioVersion = 10.0.40219.1
Project("{9A19103F-16F7-4668-BE54-9A1E7A4F7556}") = "FirebaseFCM.Standard", "FirebaseFCM.Standard\FirebaseFCM.Standard.csproj", "{11810B36-F561-463D-891D-A46BCE133BFA}"
EndProject
Project("{FAE04EC0-301F-11D3-BF4B-00C04F79EFBC}") = "Firebase.WebAPI", "Firebase.WebAPI\Firebase.WebAPI.csproj", "{45FEA5DD-45D3-4786-879A-33EC99C647BD}"
EndProject
Global
	GlobalSection(SolutionConfigurationPlatforms) = preSolution
		Debug|Any CPU = Debug|Any CPU
		Release|Any CPU = Release|Any CPU
	EndGlobalSection
	GlobalSection(ProjectConfigurationPlatforms) = postSolution
		{11810B36-F561-463D-891D-A46BCE133BFA}.Debug|Any CPU.ActiveCfg = Debug|Any CPU
		{11810B36-F561-463D-891D-A46BCE133BFA}.Debug|Any CPU.Build.0 = Debug|Any CPU
		{11810B36-F561-463D-891D-A46BCE133BFA}.Release|Any CPU.ActiveCfg = Release|Any CPU
		{11810B36-F561-463D-891D-A46BCE133BFA}.Release|Any CPU.Build.0 = Release|Any CPU
		{45FEA5DD-45D3-4786-879A-33EC99C647BD}.Debug|Any CPU.ActiveCfg = Debug|Any CPU
		{45FEA5DD-45D3-4786-879A-33EC99C647BD}.Debug|Any CPU.Build.0 = Debug|Any CPU
		{45FEA5DD-45D3-4786-879A-33EC99C647BD}.Release|Any CPU.ActiveCfg = Release|Any CPU
		{45FEA5DD-45D3-4786-879A-33EC99C647BD}.Release|Any CPU.Build.0 = Release|Any CPU
	EndGlobalSection
	GlobalSection(SolutionProperties) = preSolution
		HideSolutionNode = FALSE
	EndGlobalSection
	GlobalSection(ExtensibilityGlobals) = postSolution
		SolutionGuid = {977D7FF6-3777-4B74-B017-E25C3BFEC54B}
	EndGlobalSection
EndGlobal
